
Microsoft Visual Studio Solution File, Format Version 12.00
# Visual Studio Version 17
VisualStudioVersion = 17.13.35825.156 d17.13
MinimumVisualStudioVersion = 10.0.40219.1
Project("{FAE04EC0-301F-11D3-BF4B-00C04F79EFBC}") = "PraktikumADO", "PraktikumADO.csproj", "{874DAE05-BB65-41AC-AC0E-EC8008BCFF20}"
EndProject
Global
	GlobalSection(SolutionConfigurationPlatforms) = preSolution
		Debug|Any CPU = Debug|Any CPU
		Release|Any CPU = Release|Any CPU
	EndGlobalSection
	GlobalSection(ProjectConfigurationPlatforms) = postSolution
		{874DAE05-BB65-41AC-AC0E-EC8008BCFF20}.Debug|Any CPU.ActiveCfg = Debug|Any CPU
		{874DAE05-BB65-41AC-AC0E-EC8008BCFF20}.Debug|Any CPU.Build.0 = Debug|Any CPU
		{874DAE05-BB65-41AC-AC0E-EC8008BCFF20}.Release|Any CPU.ActiveCfg = Release|Any CPU
		{874DAE05-BB65-41AC-AC0E-EC8008BCFF20}.Release|Any CPU.Build.0 = Release|Any CPU
	EndGlobalSection
	GlobalSection(SolutionProperties) = preSolution
		HideSolutionNode = FALSE
	EndGlobalSection
	GlobalSection(ExtensibilityGlobals) = postSolution
		SolutionGuid = {CCFBD7E1-8F68-40CF-ADBA-FF2F0784134D}
	EndGlobalSection
EndGlobal
